// !$*UTF8*$!
{
	archiveVersion = 1;
	classes = {
	};
	objectVersion = 50;
	objects = {

/* Begin PBXBuildFile section */
		6599754C25B36B0C00D582B5 /* Nutrition_TrackerApp.swift in Sources */ = {isa = PBXBuildFile; fileRef = 6599754B25B36B0C00D582B5 /* Nutrition_TrackerApp.swift */; };
		6599754E25B36B0C00D582B5 /* ContentView.swift in Sources */ = {isa = PBXBuildFile; fileRef = 6599754D25B36B0C00D582B5 /* ContentView.swift */; };
		6599755025B36B0E00D582B5 /* Assets.xcassets in Resources */ = {isa = PBXBuildFile; fileRef = 6599754F25B36B0E00D582B5 /* Assets.xcassets */; };
		6599755325B36B0E00D582B5 /* Preview Assets.xcassets in Resources */ = {isa = PBXBuildFile; fileRef = 6599755225B36B0E00D582B5 /* Preview Assets.xcassets */; };
		6599755E25B36B0E00D582B5 /* Nutrition_TrackerTests.swift in Sources */ = {isa = PBXBuildFile; fileRef = 6599755D25B36B0E00D582B5 /* Nutrition_TrackerTests.swift */; };
		6599756925B36B0E00D582B5 /* Nutrition_TrackerUITests.swift in Sources */ = {isa = PBXBuildFile; fileRef = 6599756825B36B0E00D582B5 /* Nutrition_TrackerUITests.swift */; };
/* End PBXBuildFile section */

/* Begin PBXContainerItemProxy section */
		6599755A25B36B0E00D582B5 /* PBXContainerItemProxy */ = {
			isa = PBXContainerItemProxy;
			containerPortal = 6599754025B36B0C00D582B5 /* Project object */;
			proxyType = 1;
			remoteGlobalIDString = 6599754725B36B0C00D582B5;
			remoteInfo = "Nutrition-Tracker";
		};
		6599756525B36B0E00D582B5 /* PBXContainerItemProxy */ = {
			isa = PBXContainerItemProxy;
			containerPortal = 6599754025B36B0C00D582B5 /* Project object */;
			proxyType = 1;
			remoteGlobalIDString = 6599754725B36B0C00D582B5;
			remoteInfo = "Nutrition-Tracker";
		};
/* End PBXContainerItemProxy section */

/* Begin PBXFileReference section */
		6599754825B36B0C00D582B5 /* Nutrition-Tracker.app */ = {isa = PBXFileReference; explicitFileType = wrapper.application; includeInIndex = 0; path = "Nutrition-Tracker.app"; sourceTree = BUILT_PRODUCTS_DIR; };
		6599754B25B36B0C00D582B5 /* Nutrition_TrackerApp.swift */ = {isa = PBXFileReference; lastKnownFileType = sourcecode.swift; path = Nutrition_TrackerApp.swift; sourceTree = "<group>"; };
		6599754D25B36B0C00D582B5 /* ContentView.swift */ = {isa = PBXFileReference; lastKnownFileType = sourcecode.swift; path = ContentView.swift; sourceTree = "<group>"; };
		6599754F25B36B0E00D582B5 /* Assets.xcassets */ = {isa = PBXFileReference; lastKnownFileType = folder.assetcatalog; path = Assets.xcassets; sourceTree = "<group>"; };
		6599755225B36B0E00D582B5 /* Preview Assets.xcassets */ = {isa = PBXFileReference; lastKnownFileType = folder.assetcatalog; path = "Preview Assets.xcassets"; sourceTree = "<group>"; };
		6599755425B36B0E00D582B5 /* Info.plist */ = {isa = PBXFileReference; lastKnownFileType = text.plist.xml; path = Info.plist; sourceTree = "<group>"; };
		6599755925B36B0E00D582B5 /* Nutrition-TrackerTests.xctest */ = {isa = PBXFileReference; explicitFileType = wrapper.cfbundle; includeInIndex = 0; path = "Nutrition-TrackerTests.xctest"; sourceTree = BUILT_PRODUCTS_DIR; };
		6599755D25B36B0E00D582B5 /* Nutrition_TrackerTests.swift */ = {isa = PBXFileReference; lastKnownFileType = sourcecode.swift; path = Nutrition_TrackerTests.swift; sourceTree = "<group>"; };
		6599755F25B36B0E00D582B5 /* Info.plist */ = {isa = PBXFileReference; lastKnownFileType = text.plist.xml; path = Info.plist; sourceTree = "<group>"; };
		6599756425B36B0E00D582B5 /* Nutrition-TrackerUITests.xctest */ = {isa = PBXFileReference; explicitFileType = wrapper.cfbundle; includeInIndex = 0; path = "Nutrition-TrackerUITests.xctest"; sourceTree = BUILT_PRODUCTS_DIR; };
		6599756825B36B0E00D582B5 /* Nutrition_TrackerUITests.swift */ = {isa = PBXFileReference; lastKnownFileType = sourcecode.swift; path = Nutrition_TrackerUITests.swift; sourceTree = "<group>"; };
		6599756A25B36B0E00D582B5 /* Info.plist */ = {isa = PBXFileReference; lastKnownFileType = text.plist.xml; path = Info.plist; sourceTree = "<group>"; };
/* End PBXFileReference section */

/* Begin PBXFrameworksBuildPhase section */
		6599754525B36B0C00D582B5 /* Frameworks */ = {
			isa = PBXFrameworksBuildPhase;
			buildActionMask = 2147483647;
			files = (
			);
			runOnlyForDeploymentPostprocessing = 0;
		};
		6599755625B36B0E00D582B5 /* Frameworks */ = {
			isa = PBXFrameworksBuildPhase;
			buildActionMask = 2147483647;
			files = (
			);
			runOnlyForDeploymentPostprocessing = 0;
		};
		6599756125B36B0E00D582B5 /* Frameworks */ = {
			isa = PBXFrameworksBuildPhase;
			buildActionMask = 2147483647;
			files = (
			);
			runOnlyForDeploymentPostprocessing = 0;
		};
/* End PBXFrameworksBuildPhase section */

/* Begin PBXGroup section */
		6599753F25B36B0C00D582B5 = {
			isa = PBXGroup;
			children = (
				6599754A25B36B0C00D582B5 /* Nutrition-Tracker */,
				6599755C25B36B0E00D582B5 /* Nutrition-TrackerTests */,
				6599756725B36B0E00D582B5 /* Nutrition-TrackerUITests */,
				6599754925B36B0C00D582B5 /* Products */,
			);
			sourceTree = "<group>";
		};
		6599754925B36B0C00D582B5 /* Products */ = {
			isa = PBXGroup;
			children = (
				6599754825B36B0C00D582B5 /* Nutrition-Tracker.app */,
				6599755925B36B0E00D582B5 /* Nutrition-TrackerTests.xctest */,
				6599756425B36B0E00D582B5 /* Nutrition-TrackerUITests.xctest */,
			);
			name = Products;
			sourceTree = "<group>";
		};
		6599754A25B36B0C00D582B5 /* Nutrition-Tracker */ = {
			isa = PBXGroup;
			children = (
				6599754B25B36B0C00D582B5 /* Nutrition_TrackerApp.swift */,
				6599754D25B36B0C00D582B5 /* ContentView.swift */,
				6599754F25B36B0E00D582B5 /* Assets.xcassets */,
				6599755425B36B0E00D582B5 /* Info.plist */,
				6599755125B36B0E00D582B5 /* Preview Content */,
			);
			path = "Nutrition-Tracker";
			sourceTree = "<group>";
		};
		6599755125B36B0E00D582B5 /* Preview Content */ = {
			isa = PBXGroup;
			children = (
				6599755225B36B0E00D582B5 /* Preview Assets.xcassets */,
			);
			path = "Preview Content";
			sourceTree = "<group>";
		};
		6599755C25B36B0E00D582B5 /* Nutrition-TrackerTests */ = {
			isa = PBXGroup;
			children = (
				6599755D25B36B0E00D582B5 /* Nutrition_TrackerTests.swift */,
				6599755F25B36B0E00D582B5 /* Info.plist */,
			);
			path = "Nutrition-TrackerTests";
			sourceTree = "<group>";
		};
		6599756725B36B0E00D582B5 /* Nutrition-TrackerUITests */ = {
			isa = PBXGroup;
			children = (
				6599756825B36B0E00D582B5 /* Nutrition_TrackerUITests.swift */,
				6599756A25B36B0E00D582B5 /* Info.plist */,
			);
			path = "Nutrition-TrackerUITests";
			sourceTree = "<group>";
		};
/* End PBXGroup section */

/* Begin PBXNativeTarget section */
		6599754725B36B0C00D582B5 /* Nutrition-Tracker */ = {
			isa = PBXNativeTarget;
			buildConfigurationList = 6599756D25B36B0E00D582B5 /* Build configuration list for PBXNativeTarget "Nutrition-Tracker" */;
			buildPhases = (
				6599754425B36B0C00D582B5 /* Sources */,
				6599754525B36B0C00D582B5 /* Frameworks */,
				6599754625B36B0C00D582B5 /* Resources */,
			);
			buildRules = (
			);
			dependencies = (
			);
			name = "Nutrition-Tracker";
			productName = "Nutrition-Tracker";
			productReference = 6599754825B36B0C00D582B5 /* Nutrition-Tracker.app */;
			productType = "com.apple.product-type.application";
		};
		6599755825B36B0E00D582B5 /* Nutrition-TrackerTests */ = {
			isa = PBXNativeTarget;
			buildConfigurationList = 6599757025B36B0E00D582B5 /* Build configuration list for PBXNativeTarget "Nutrition-TrackerTests" */;
			buildPhases = (
				6599755525B36B0E00D582B5 /* Sources */,
				6599755625B36B0E00D582B5 /* Frameworks */,
				6599755725B36B0E00D582B5 /* Resources */,
			);
			buildRules = (
			);
			dependencies = (
				6599755B25B36B0E00D582B5 /* PBXTargetDependency */,
			);
			name = "Nutrition-TrackerTests";
			productName = "Nutrition-TrackerTests";
			productReference = 6599755925B36B0E00D582B5 /* Nutrition-TrackerTests.xctest */;
			productType = "com.apple.product-type.bundle.unit-test";
		};
		6599756325B36B0E00D582B5 /* Nutrition-TrackerUITests */ = {
			isa = PBXNativeTarget;
			buildConfigurationList = 6599757325B36B0E00D582B5 /* Build configuration list for PBXNativeTarget "Nutrition-TrackerUITests" */;
			buildPhases = (
				6599756025B36B0E00D582B5 /* Sources */,
				6599756125B36B0E00D582B5 /* Frameworks */,
				6599756225B36B0E00D582B5 /* Resources */,
			);
			buildRules = (
			);
			dependencies = (
				6599756625B36B0E00D582B5 /* PBXTargetDependency */,
			);
			name = "Nutrition-TrackerUITests";
			productName = "Nutrition-TrackerUITests";
			productReference = 6599756425B36B0E00D582B5 /* Nutrition-TrackerUITests.xctest */;
			productType = "com.apple.product-type.bundle.ui-testing";
		};
/* End PBXNativeTarget section */

/* Begin PBXProject section */
		6599754025B36B0C00D582B5 /* Project object */ = {
			isa = PBXProject;
			attributes = {
				LastSwiftUpdateCheck = 1230;
				LastUpgradeCheck = 1230;
				TargetAttributes = {
					6599754725B36B0C00D582B5 = {
						CreatedOnToolsVersion = 12.3;
					};
					6599755825B36B0E00D582B5 = {
						CreatedOnToolsVersion = 12.3;
						TestTargetID = 6599754725B36B0C00D582B5;
					};
					6599756325B36B0E00D582B5 = {
						CreatedOnToolsVersion = 12.3;
						TestTargetID = 6599754725B36B0C00D582B5;
					};
				};
			};
			buildConfigurationList = 6599754325B36B0C00D582B5 /* Build configuration list for PBXProject "Nutrition-Tracker" */;
			compatibilityVersion = "Xcode 9.3";
			developmentRegion = en;
			hasScannedForEncodings = 0;
			knownRegions = (
				en,
				Base,
			);
			mainGroup = 6599753F25B36B0C00D582B5;
			productRefGroup = 6599754925B36B0C00D582B5 /* Products */;
			projectDirPath = "";
			projectRoot = "";
			targets = (
				6599754725B36B0C00D582B5 /* Nutrition-Tracker */,
				6599755825B36B0E00D582B5 /* Nutrition-TrackerTests */,
				6599756325B36B0E00D582B5 /* Nutrition-TrackerUITests */,
			);
		};
/* End PBXProject section */

/* Begin PBXResourcesBuildPhase section */
		6599754625B36B0C00D582B5 /* Resources */ = {
			isa = PBXResourcesBuildPhase;
			buildActionMask = 2147483647;
			files = (
				6599755325B36B0E00D582B5 /* Preview Assets.xcassets in Resources */,
				6599755025B36B0E00D582B5 /* Assets.xcassets in Resources */,
			);
			runOnlyForDeploymentPostprocessing = 0;
		};
		6599755725B36B0E00D582B5 /* Resources */ = {
			isa = PBXResourcesBuildPhase;
			buildActionMask = 2147483647;
			files = (
			);
			runOnlyForDeploymentPostprocessing = 0;
		};
		6599756225B36B0E00D582B5 /* Resources */ = {
			isa = PBXResourcesBuildPhase;
			buildActionMask = 2147483647;
			files = (
			);
			runOnlyForDeploymentPostprocessing = 0;
		};
/* End PBXResourcesBuildPhase section */

/* Begin PBXSourcesBuildPhase section */
		6599754425B36B0C00D582B5 /* Sources */ = {
			isa = PBXSourcesBuildPhase;
			buildActionMask = 2147483647;
			files = (
				6599754E25B36B0C00D582B5 /* ContentView.swift in Sources */,
				6599754C25B36B0C00D582B5 /* Nutrition_TrackerApp.swift in Sources */,
			);
			runOnlyForDeploymentPostprocessing = 0;
		};
		6599755525B36B0E00D582B5 /* Sources */ = {
			isa = PBXSourcesBuildPhase;
			buildActionMask = 2147483647;
			files = (
				6599755E25B36B0E00D582B5 /* Nutrition_TrackerTests.swift in Sources */,
			);
			runOnlyForDeploymentPostprocessing = 0;
		};
		6599756025B36B0E00D582B5 /* Sources */ = {
			isa = PBXSourcesBuildPhase;
			buildActionMask = 2147483647;
			files = (
				6599756925B36B0E00D582B5 /* Nutrition_TrackerUITests.swift in Sources */,
			);
			runOnlyForDeploymentPostprocessing = 0;
		};
/* End PBXSourcesBuildPhase section */

/* Begin PBXTargetDependency section */
		6599755B25B36B0E00D582B5 /* PBXTargetDependency */ = {
			isa = PBXTargetDependency;
			target = 6599754725B36B0C00D582B5 /* Nutrition-Tracker */;
			targetProxy = 6599755A25B36B0E00D582B5 /* PBXContainerItemProxy */;
		};
		6599756625B36B0E00D582B5 /* PBXTargetDependency */ = {
			isa = PBXTargetDependency;
			target = 6599754725B36B0C00D582B5 /* Nutrition-Tracker */;
			targetProxy = 6599756525B36B0E00D582B5 /* PBXContainerItemProxy */;
		};
/* End PBXTargetDependency section */

/* Begin XCBuildConfiguration section */
		6599756B25B36B0E00D582B5 /* Debug */ = {
			isa = XCBuildConfiguration;
			buildSettings = {
				ALWAYS_SEARCH_USER_PATHS = NO;
				CLANG_ANALYZER_NONNULL = YES;
				CLANG_ANALYZER_NUMBER_OBJECT_CONVERSION = YES_AGGRESSIVE;
				CLANG_CXX_LANGUAGE_STANDARD = "gnu++14";
				CLANG_CXX_LIBRARY = "libc++";
				CLANG_ENABLE_MODULES = YES;
				CLANG_ENABLE_OBJC_ARC = YES;
				CLANG_ENABLE_OBJC_WEAK = YES;
				CLANG_WARN_BLOCK_CAPTURE_AUTORELEASING = YES;
				CLANG_WARN_BOOL_CONVERSION = YES;
				CLANG_WARN_COMMA = YES;
				CLANG_WARN_CONSTANT_CONVERSION = YES;
				CLANG_WARN_DEPRECATED_OBJC_IMPLEMENTATIONS = YES;
				CLANG_WARN_DIRECT_OBJC_ISA_USAGE = YES_ERROR;
				CLANG_WARN_DOCUMENTATION_COMMENTS = YES;
				CLANG_WARN_EMPTY_BODY = YES;
				CLANG_WARN_ENUM_CONVERSION = YES;
				CLANG_WARN_INFINITE_RECURSION = YES;
				CLANG_WARN_INT_CONVERSION = YES;
				CLANG_WARN_NON_LITERAL_NULL_CONVERSION = YES;
				CLANG_WARN_OBJC_IMPLICIT_RETAIN_SELF = YES;
				CLANG_WARN_OBJC_LITERAL_CONVERSION = YES;
				CLANG_WARN_OBJC_ROOT_CLASS = YES_ERROR;
				CLANG_WARN_QUOTED_INCLUDE_IN_FRAMEWORK_HEADER = YES;
				CLANG_WARN_RANGE_LOOP_ANALYSIS = YES;
				CLANG_WARN_STRICT_PROTOTYPES = YES;
				CLANG_WARN_SUSPICIOUS_MOVE = YES;
				CLANG_WARN_UNGUARDED_AVAILABILITY = YES_AGGRESSIVE;
				CLANG_WARN_UNREACHABLE_CODE = YES;
				CLANG_WARN__DUPLICATE_METHOD_MATCH = YES;
				COPY_PHASE_STRIP = NO;
				DEBUG_INFORMATION_FORMAT = dwarf;
				ENABLE_STRICT_OBJC_MSGSEND = YES;
				ENABLE_TESTABILITY = YES;
				GCC_C_LANGUAGE_STANDARD = gnu11;
				GCC_DYNAMIC_NO_PIC = NO;
				GCC_NO_COMMON_BLOCKS = YES;
				GCC_OPTIMIZATION_LEVEL = 0;
				GCC_PREPROCESSOR_DEFINITIONS = (
					"DEBUG=1",
					"$(inherited)",
				);
				GCC_WARN_64_TO_32_BIT_CONVERSION = YES;
				GCC_WARN_ABOUT_RETURN_TYPE = YES_ERROR;
				GCC_WARN_UNDECLARED_SELECTOR = YES;
				GCC_WARN_UNINITIALIZED_AUTOS = YES_AGGRESSIVE;
				GCC_WARN_UNUSED_FUNCTION = YES;
				GCC_WARN_UNUSED_VARIABLE = YES;
				IPHONEOS_DEPLOYMENT_TARGET = 14.3;
				MTL_ENABLE_DEBUG_INFO = INCLUDE_SOURCE;
				MTL_FAST_MATH = YES;
				ONLY_ACTIVE_ARCH = YES;
				SDKROOT = iphoneos;
				SWIFT_ACTIVE_COMPILATION_CONDITIONS = DEBUG;
				SWIFT_OPTIMIZATION_LEVEL = "-Onone";
			};
			name = Debug;
		};
		6599756C25B36B0E00D582B5 /* Release */ = {
			isa = XCBuildConfiguration;
			buildSettings = {
				ALWAYS_SEARCH_USER_PATHS = NO;
				CLANG_ANALYZER_NONNULL = YES;
				CLANG_ANALYZER_NUMBER_OBJECT_CONVERSION = YES_AGGRESSIVE;
				CLANG_CXX_LANGUAGE_STANDARD = "gnu++14";
				CLANG_CXX_LIBRARY = "libc++";
				CLANG_ENABLE_MODULES = YES;
				CLANG_ENABLE_OBJC_ARC = YES;
				CLANG_ENABLE_OBJC_WEAK = YES;
				CLANG_WARN_BLOCK_CAPTURE_AUTORELEASING = YES;
				CLANG_WARN_BOOL_CONVERSION = YES;
				CLANG_WARN_COMMA = YES;
				CLANG_WARN_CONSTANT_CONVERSION = YES;
				CLANG_WARN_DEPRECATED_OBJC_IMPLEMENTATIONS = YES;
				CLANG_WARN_DIRECT_OBJC_ISA_USAGE = YES_ERROR;
				CLANG_WARN_DOCUMENTATION_COMMENTS = YES;
				CLANG_WARN_EMPTY_BODY = YES;
				CLANG_WARN_ENUM_CONVERSION = YES;
				CLANG_WARN_INFINITE_RECURSION = YES;
				CLANG_WARN_INT_CONVERSION = YES;
				CLANG_WARN_NON_LITERAL_NULL_CONVERSION = YES;
				CLANG_WARN_OBJC_IMPLICIT_RETAIN_SELF = YES;
				CLANG_WARN_OBJC_LITERAL_CONVERSION = YES;
				CLANG_WARN_OBJC_ROOT_CLASS = YES_ERROR;
				CLANG_WARN_QUOTED_INCLUDE_IN_FRAMEWORK_HEADER = YES;
				CLANG_WARN_RANGE_LOOP_ANALYSIS = YES;
				CLANG_WARN_STRICT_PROTOTYPES = YES;
				CLANG_WARN_SUSPICIOUS_MOVE = YES;
				CLANG_WARN_UNGUARDED_AVAILABILITY = YES_AGGRESSIVE;
				CLANG_WARN_UNREACHABLE_CODE = YES;
				CLANG_WARN__DUPLICATE_METHOD_MATCH = YES;
				COPY_PHASE_STRIP = NO;
				DEBUG_INFORMATION_FORMAT = "dwarf-with-dsym";
				ENABLE_NS_ASSERTIONS = NO;
				ENABLE_STRICT_OBJC_MSGSEND = YES;
				GCC_C_LANGUAGE_STANDARD = gnu11;
				GCC_NO_COMMON_BLOCKS = YES;
				GCC_WARN_64_TO_32_BIT_CONVERSION = YES;
				GCC_WARN_ABOUT_RETURN_TYPE = YES_ERROR;
				GCC_WARN_UNDECLARED_SELECTOR = YES;
				GCC_WARN_UNINITIALIZED_AUTOS = YES_AGGRESSIVE;
				GCC_WARN_UNUSED_FUNCTION = YES;
				GCC_WARN_UNUSED_VARIABLE = YES;
				IPHONEOS_DEPLOYMENT_TARGET = 14.3;
				MTL_ENABLE_DEBUG_INFO = NO;
				MTL_FAST_MATH = YES;
				SDKROOT = iphoneos;
				SWIFT_COMPILATION_MODE = wholemodule;
				SWIFT_OPTIMIZATION_LEVEL = "-O";
				VALIDATE_PRODUCT = YES;
			};
			name = Release;
		};
		6599756E25B36B0E00D582B5 /* Debug */ = {
			isa = XCBuildConfiguration;
			buildSettings = {
				ASSETCATALOG_COMPILER_APPICON_NAME = AppIcon;
				ASSETCATALOG_COMPILER_GLOBAL_ACCENT_COLOR_NAME = AccentColor;
				CODE_SIGN_STYLE = Automatic;
				DEVELOPMENT_ASSET_PATHS = "\"Nutrition-Tracker/Preview Content\"";
				DEVELOPMENT_TEAM = X6G24JR7T9;
				ENABLE_PREVIEWS = YES;
				INFOPLIST_FILE = "Nutrition-Tracker/Info.plist";
				IPHONEOS_DEPLOYMENT_TARGET = 14.0;
				LD_RUNPATH_SEARCH_PATHS = (
					"$(inherited)",
					"@executable_path/Frameworks",
				);
				PRODUCT_BUNDLE_IDENTIFIER = "com.HackTheNorth.Nutrition-Tracker";
				PRODUCT_NAME = "$(TARGET_NAME)";
				SWIFT_VERSION = 5.0;
				TARGETED_DEVICE_FAMILY = "1,2";
			};
			name = Debug;
		};
		6599756F25B36B0E00D582B5 /* Release */ = {
			isa = XCBuildConfiguration;
			buildSettings = {
				ASSETCATALOG_COMPILER_APPICON_NAME = AppIcon;
				ASSETCATALOG_COMPILER_GLOBAL_ACCENT_COLOR_NAME = AccentColor;
				CODE_SIGN_STYLE = Automatic;
				DEVELOPMENT_ASSET_PATHS = "\"Nutrition-Tracker/Preview Content\"";
				DEVELOPMENT_TEAM = X6G24JR7T9;
				ENABLE_PREVIEWS = YES;
				INFOPLIST_FILE = "Nutrition-Tracker/Info.plist";
				IPHONEOS_DEPLOYMENT_TARGET = 14.0;
				LD_RUNPATH_SEARCH_PATHS = (
					"$(inherited)",
					"@executable_path/Frameworks",
				);
				PRODUCT_BUNDLE_IDENTIFIER = "com.HackTheNorth.Nutrition-Tracker";
				PRODUCT_NAME = "$(TARGET_NAME)";
				SWIFT_VERSION = 5.0;
				TARGETED_DEVICE_FAMILY = "1,2";
			};
			name = Release;
		};
		6599757125B36B0E00D582B5 /* Debug */ = {
			isa = XCBuildConfiguration;
			buildSettings = {
				ALWAYS_EMBED_SWIFT_STANDARD_LIBRARIES = YES;
				BUNDLE_LOADER = "$(TEST_HOST)";
				CODE_SIGN_STYLE = Automatic;
				DEVELOPMENT_TEAM = X6G24JR7T9;
				INFOPLIST_FILE = "Nutrition-TrackerTests/Info.plist";
				IPHONEOS_DEPLOYMENT_TARGET = 14.0;
				LD_RUNPATH_SEARCH_PATHS = (
					"$(inherited)",
					"@executable_path/Frameworks",
					"@loader_path/Frameworks",
				);
				PRODUCT_BUNDLE_IDENTIFIER = "com.HackTheNorth.Nutrition-TrackerTests";
				PRODUCT_NAME = "$(TARGET_NAME)";
				SWIFT_VERSION = 5.0;
				TARGETED_DEVICE_FAMILY = "1,2";
				TEST_HOST = "$(BUILT_PRODUCTS_DIR)/Nutrition-Tracker.app/Nutrition-Tracker";
			};
			name = Debug;
		};
		6599757225B36B0E00D582B5 /* Release */ = {
			isa = XCBuildConfiguration;
			buildSettings = {
				ALWAYS_EMBED_SWIFT_STANDARD_LIBRARIES = YES;
				BUNDLE_LOADER = "$(TEST_HOST)";
				CODE_SIGN_STYLE = Automatic;
				DEVELOPMENT_TEAM = X6G24JR7T9;
				INFOPLIST_FILE = "Nutrition-TrackerTests/Info.plist";
				IPHONEOS_DEPLOYMENT_TARGET = 14.0;
				LD_RUNPATH_SEARCH_PATHS = (
					"$(inherited)",
					"@executable_path/Frameworks",
					"@loader_path/Frameworks",
				);
				PRODUCT_BUNDLE_IDENTIFIER = "com.HackTheNorth.Nutrition-TrackerTests";
				PRODUCT_NAME = "$(TARGET_NAME)";
				SWIFT_VERSION = 5.0;
				TARGETED_DEVICE_FAMILY = "1,2";
				TEST_HOST = "$(BUILT_PRODUCTS_DIR)/Nutrition-Tracker.app/Nutrition-Tracker";
			};
			name = Release;
		};
		6599757425B36B0E00D582B5 /* Debug */ = {
			isa = XCBuildConfiguration;
			buildSettings = {
				ALWAYS_EMBED_SWIFT_STANDARD_LIBRARIES = YES;
				CODE_SIGN_STYLE = Automatic;
				DEVELOPMENT_TEAM = X6G24JR7T9;
				INFOPLIST_FILE = "Nutrition-TrackerUITests/Info.plist";
				LD_RUNPATH_SEARCH_PATHS = (
					"$(inherited)",
					"@executable_path/Frameworks",
					"@loader_path/Frameworks",
				);
				PRODUCT_BUNDLE_IDENTIFIER = "com.HackTheNorth.Nutrition-TrackerUITests";
				PRODUCT_NAME = "$(TARGET_NAME)";
				SWIFT_VERSION = 5.0;
				TARGETED_DEVICE_FAMILY = "1,2";
				TEST_TARGET_NAME = "Nutrition-Tracker";
			};
			name = Debug;
		};
		6599757525B36B0E00D582B5 /* Release */ = {
			isa = XCBuildConfiguration;
			buildSettings = {
				ALWAYS_EMBED_SWIFT_STANDARD_LIBRARIES = YES;
				CODE_SIGN_STYLE = Automatic;
				DEVELOPMENT_TEAM = X6G24JR7T9;
				INFOPLIST_FILE = "Nutrition-TrackerUITests/Info.plist";
				LD_RUNPATH_SEARCH_PATHS = (
					"$(inherited)",
					"@executable_path/Frameworks",
					"@loader_path/Frameworks",
				);
				PRODUCT_BUNDLE_IDENTIFIER = "com.HackTheNorth.Nutrition-TrackerUITests";
				PRODUCT_NAME = "$(TARGET_NAME)";
				SWIFT_VERSION = 5.0;
				TARGETED_DEVICE_FAMILY = "1,2";
				TEST_TARGET_NAME = "Nutrition-Tracker";
			};
			name = Release;
		};
/* End XCBuildConfiguration section */

/* Begin XCConfigurationList section */
		6599754325B36B0C00D582B5 /* Build configuration list for PBXProject "Nutrition-Tracker" */ = {
			isa = XCConfigurationList;
			buildConfigurations = (
				6599756B25B36B0E00D582B5 /* Debug */,
				6599756C25B36B0E00D582B5 /* Release */,
			);
			defaultConfigurationIsVisible = 0;
			defaultConfigurationName = Release;
		};
		6599756D25B36B0E00D582B5 /* Build configuration list for PBXNativeTarget "Nutrition-Tracker" */ = {
			isa = XCConfigurationList;
			buildConfigurations = (
				6599756E25B36B0E00D582B5 /* Debug */,
				6599756F25B36B0E00D582B5 /* Release */,
			);
			defaultConfigurationIsVisible = 0;
			defaultConfigurationName = Release;
		};
		6599757025B36B0E00D582B5 /* Build configuration list for PBXNativeTarget "Nutrition-TrackerTests" */ = {
			isa = XCConfigurationList;
			buildConfigurations = (
				6599757125B36B0E00D582B5 /* Debug */,
				6599757225B36B0E00D582B5 /* Release */,
			);
			defaultConfigurationIsVisible = 0;
			defaultConfigurationName = Release;
		};
		6599757325B36B0E00D582B5 /* Build configuration list for PBXNativeTarget "Nutrition-TrackerUITests" */ = {
			isa = XCConfigurationList;
			buildConfigurations = (
				6599757425B36B0E00D582B5 /* Debug */,
				6599757525B36B0E00D582B5 /* Release */,
			);
			defaultConfigurationIsVisible = 0;
			defaultConfigurationName = Release;
		};
/* End XCConfigurationList section */
	};
	rootObject = 6599754025B36B0C00D582B5 /* Project object */;
}
